<?xml version="1.0" encoding="utf-8"?>
<Project ToolsVersion="4.0" xmlns="http://schemas.microsoft.com/developer/msbuild/2003">
  <ItemGroup>
    <Filter Include="Файлы исходного кода">
      <UniqueIdentifier>{4FC737F1-C7A5-4376-A066-2A32D752A2FF}</UniqueIdentifier>
      <Extensions>cpp;c;cc;cxx;def;odl;idl;hpj;bat;asm;asmx</Extensions>
    </Filter>
    <Filter Include="Заголовочные файлы">
      <UniqueIdentifier>{93995380-89BD-4b04-88EB-625FBE52EBFB}</UniqueIdentifier>
      <Extensions>h;hh;hpp;hxx;hm;inl;inc;xsd</Extensions>
    </Filter>
    <Filter Include="Файлы ресурсов">
      <UniqueIdentifier>{67DA6AB6-F800-4c08-8B7A-83BB121AAD01}</UniqueIdentifier>
      <Extensions>rc;ico;cur;bmp;dlg;rc2;rct;bin;rgs;gif;jpg;jpeg;jpe;resx;tiff;tif;png;wav;mfcribbon-ms</Extensions>
    </Filter>
    <Filter Include="Texture Stuff">
      <UniqueIdentifier>{e479f27a-fddb-4a55-b8e2-32262c529875}</UniqueIdentifier>
    </Filter>
    <Filter Include="IO">
      <UniqueIdentifier>{322f7248-5442-4612-a516-7f780e6f8b7f}</UniqueIdentifier>
    </Filter>
    <Filter Include="Main">
      <UniqueIdentifier>{0a8228e6-1d49-4dcb-ba19-47936a6c7739}</UniqueIdentifier>
    </Filter>
    <Filter Include="Shaders">
      <UniqueIdentifier>{cab64cfe-7f96-461b-9ed4-58843af5bc51}</UniqueIdentifier>
    </Filter>
    <Filter Include="Figures">
      <UniqueIdentifier>{52391f65-73ce-42cb-9383-cd226f6c8cbf}</UniqueIdentifier>
    </Filter>
    <Filter Include="Camera">
      <UniqueIdentifier>{083f16ef-6590-4407-a561-cff15d3ee4eb}</UniqueIdentifier>
    </Filter>
    <Filter Include="Figures\Box">
      <UniqueIdentifier>{f292aac8-44f2-403f-a8a3-1b21551ca1b1}</UniqueIdentifier>
    </Filter>
    <Filter Include="Figures\Circle">
      <UniqueIdentifier>{a4cad593-55c5-4b4c-a125-ba4efc018640}</UniqueIdentifier>
    </Filter>
  </ItemGroup>
  <ItemGroup>
    <ClCompile Include="errors.cpp">
      <Filter>Файлы исходного кода</Filter>
    </ClCompile>
    <ClCompile Include="ImageLoader.cpp">
      <Filter>Texture Stuff</Filter>
    </ClCompile>
    <ClCompile Include="IOfile.cpp">
      <Filter>IO</Filter>
    </ClCompile>
    <ClCompile Include="picoPNG.cpp">
      <Filter>Texture Stuff</Filter>
    </ClCompile>
    <ClCompile Include="main.cpp">
      <Filter>Main</Filter>
    </ClCompile>
    <ClCompile Include="MainGame.cpp">
      <Filter>Main</Filter>
    </ClCompile>
    <ClCompile Include="Shaders.cpp">
      <Filter>Shaders</Filter>
    </ClCompile>
    <ClCompile Include="Figure.cpp">
      <Filter>Figures</Filter>
    </ClCompile>
    <ClCompile Include="Camera2D.cpp">
      <Filter>Camera</Filter>
    </ClCompile>
    <ClCompile Include="ObjectsGroup.cpp">
      <Filter>Figures</Filter>
    </ClCompile>
    <ClCompile Include="InputManager.cpp">
      <Filter>IO</Filter>
    </ClCompile>
    <ClCompile Include="Math2D.cpp">
      <Filter>Файлы исходного кода</Filter>
    </ClCompile>
    <ClCompile Include="TextureLoader.cpp">
      <Filter>Texture Stuff</Filter>
    </ClCompile>
    <ClCompile Include="Box.cpp">
      <Filter>Figures\Box</Filter>
    </ClCompile>
    <ClCompile Include="Circle.cpp">
      <Filter>Figures\Circle</Filter>
    </ClCompile>
  </ItemGroup>
  <ItemGroup>
    <ClInclude Include="errors.h">
      <Filter>Заголовочные файлы</Filter>
    </ClInclude>
    <ClInclude Include="ImageLoader.h">
      <Filter>Texture Stuff</Filter>
    </ClInclude>
    <ClInclude Include="GLTexture.h">
      <Filter>Texture Stuff</Filter>
    </ClInclude>
    <ClInclude Include="IOfile.h">
      <Filter>IO</Filter>
    </ClInclude>
    <ClInclude Include="picoPNG.h">
      <Filter>Texture Stuff</Filter>
    </ClInclude>
    <ClInclude Include="MainGame.h">
      <Filter>Main</Filter>
    </ClInclude>
    <ClInclude Include="Shaders.h">
      <Filter>Shaders</Filter>
    </ClInclude>
    <ClInclude Include="Vertex.h">
      <Filter>Figures</Filter>
    </ClInclude>
    <ClInclude Include="Figure.h">
      <Filter>Figures</Filter>
    </ClInclude>
    <ClInclude Include="Camera2D.h">
      <Filter>Camera</Filter>
    </ClInclude>
    <ClInclude Include="ObjectsGroup.h">
      <Filter>Figures</Filter>
    </ClInclude>
    <ClInclude Include="InputManager.h">
      <Filter>IO</Filter>
    </ClInclude>
    <ClInclude Include="Math2D.h">
      <Filter>Заголовочные файлы</Filter>
    </ClInclude>
    <ClInclude Include="TextureLoader.h">
      <Filter>Texture Stuff</Filter>
    </ClInclude>
    <ClInclude Include="Box.h">
      <Filter>Figures\Box</Filter>
    </ClInclude>
    <ClInclude Include="Circle.h">
      <Filter>Figures\Circle</Filter>
    </ClInclude>
  </ItemGroup>
  <ItemGroup>
    <None Include="shaders\shader.ps">
      <Filter>Shaders</Filter>
    </None>
    <None Include="shaders\shader.vs">
      <Filter>Shaders</Filter>
    </None>
  </ItemGroup>
</Project>